<?xml version="1.0" encoding="UTF-8" standalone="yes" ?>
<CodeBlocks_project_file>
	<FileVersion major="1" minor="6" />
	<Project>
		<Option title="EverWing" />
		<Option pch_mode="2" />
		<Option compiler="gcc" />
		<Build>
			<Target title="Debug">
				<Option output="bin/Debug/EverWing" prefix_auto="1" extension_auto="1" />
				<Option object_output="obj/Debug/" />
				<Option type="1" />
				<Option compiler="gcc" />
				<Compiler>
					<Add option="-g" />
				</Compiler>
			</Target>
			<Target title="Release">
				<Option output="bin/Release/EverWing" prefix_auto="1" extension_auto="1" />
				<Option object_output="obj/Release/" />
				<Option type="1" />
				<Option compiler="gcc" />
				<Compiler>
					<Add option="-O2" />
				</Compiler>
				<Linker>
					<Add option="-s" />
				</Linker>
			</Target>
		</Build>
		<Compiler>
			<Add option="-Wall" />
			<Add option="-fexceptions" />
		</Compiler>
		<Unit filename="boss.cpp" />
		<Unit filename="boss.h" />
		<Unit filename="enemy.cpp" />
		<Unit filename="enemy.h" />
		<Unit filename="enemyFire.cpp" />
		<Unit filename="enemyFire.h" />
		<Unit filename="font/font.ttf" />
		<Unit filename="game.cpp" />
		<Unit filename="game.h" />
		<Unit filename="image/boss.png" />
		<Unit filename="image/boss2.png" />
		<Unit filename="image/boss3.png" />
		<Unit filename="image/bossbullet.png" />
		<Unit filename="image/bullet0.png" />
		<Unit filename="image/bullet1.png" />
		<Unit filename="image/bullet2.png" />
		<Unit filename="image/bullet3.png" />
		<Unit filename="image/bullet4.png" />
		<Unit filename="image/enemiesFireBullet.png" />
		<Unit filename="image/enemis.png" />
		<Unit filename="image/enemisFire.png" />
		<Unit filename="image/menu.png" />
		<Unit filename="image/pngegg.png" />
		<Unit filename="image/space.png" />
		<Unit filename="image/upgrade.png" />
		<Unit filename="information.cpp" />
		<Unit filename="information.h" />
		<Unit filename="loadTexture.cpp" />
		<Unit filename="loadTexture.h" />
		<Unit filename="main.cpp" />
		<Unit filename="menu.cpp" />
		<Unit filename="menu.h" />
		<Unit filename="player.cpp" />
		<Unit filename="player.h" />
		<Unit filename="quit.cpp" />
		<Unit filename="quit.h" />
		<Unit filename="sounds/boom.WAV" />
		<Unit filename="sounds/die.wav" />
		<Unit filename="sounds/explosion.wav" />
		<Unit filename="sounds/fire.wav" />
		<Unit filename="sounds/music.mp3" />
		<Unit filename="sounds/synthetic_explosion_1.wav" />
		<Unit filename="struct.h" />
		<Unit filename="upgrade.cpp" />
		<Unit filename="upgrade.h" />
		<Extensions>
			<lib_finder disable_auto="1" />
		</Extensions>
	</Project>
</CodeBlocks_project_file>
